
Microsoft Visual Studio Solution File, Format Version 12.00
# Visual Studio 14
VisualStudioVersion = 14.0.25420.1
MinimumVisualStudioVersion = 10.0.40219.1
Project("{FAE04EC0-301F-11D3-BF4B-00C04F79EFBC}") = "BUS_BookOnline", "BUS_BookOnline\BUS_BookOnline.csproj", "{15A39C37-0F69-4E3F-83C9-5CE9443E80E7}"
EndProject
Project("{FAE04EC0-301F-11D3-BF4B-00C04F79EFBC}") = "DAL_BookOnline", "DAL_BookOnline\DAL_BookOnline.csproj", "{35A6A1A7-984A-4DCA-99EE-551F3D820F33}"
EndProject
Project("{FAE04EC0-301F-11D3-BF4B-00C04F79EFBC}") = "DTO_BookOnline", "DTO_Book\DTO_BookOnline.csproj", "{E87E383A-D413-4BA0-A1E6-5ADB1E7FD6B1}"
EndProject
Project("{FAE04EC0-301F-11D3-BF4B-00C04F79EFBC}") = "Template", "Template\Template.csproj", "{973D0C90-8A95-4C09-AED7-6716B839A2C4}"
EndProject
Project("{FAE04EC0-301F-11D3-BF4B-00C04F79EFBC}") = "API_BookOnline", "API_BookOnline\API_BookOnline.csproj", "{326F6EBC-3F86-4DC8-A541-9F0316094665}"
EndProject
Project("{840C416C-B8F3-42BC-B0DD-F6BB14C9F8CB}") = "BookOnline", "..\Release\New folder\BookOnline\BookOnline\BookOnline.aiproj", "{2EF9B701-EBA3-4E68-989A-586E647C32BF}"
EndProject
Global
	GlobalSection(SolutionConfigurationPlatforms) = preSolution
		All|Any CPU = All|Any CPU
		Debug|Any CPU = Debug|Any CPU
		Release|Any CPU = Release|Any CPU
	EndGlobalSection
	GlobalSection(ProjectConfigurationPlatforms) = postSolution
		{15A39C37-0F69-4E3F-83C9-5CE9443E80E7}.All|Any CPU.ActiveCfg = Release|Any CPU
		{15A39C37-0F69-4E3F-83C9-5CE9443E80E7}.All|Any CPU.Build.0 = Release|Any CPU
		{15A39C37-0F69-4E3F-83C9-5CE9443E80E7}.Debug|Any CPU.ActiveCfg = Debug|Any CPU
		{15A39C37-0F69-4E3F-83C9-5CE9443E80E7}.Debug|Any CPU.Build.0 = Debug|Any CPU
		{15A39C37-0F69-4E3F-83C9-5CE9443E80E7}.Release|Any CPU.ActiveCfg = Release|Any CPU
		{15A39C37-0F69-4E3F-83C9-5CE9443E80E7}.Release|Any CPU.Build.0 = Release|Any CPU
		{35A6A1A7-984A-4DCA-99EE-551F3D820F33}.All|Any CPU.ActiveCfg = Release|Any CPU
		{35A6A1A7-984A-4DCA-99EE-551F3D820F33}.All|Any CPU.Build.0 = Release|Any CPU
		{35A6A1A7-984A-4DCA-99EE-551F3D820F33}.Debug|Any CPU.ActiveCfg = Debug|Any CPU
		{35A6A1A7-984A-4DCA-99EE-551F3D820F33}.Debug|Any CPU.Build.0 = Debug|Any CPU
		{35A6A1A7-984A-4DCA-99EE-551F3D820F33}.Release|Any CPU.ActiveCfg = Release|Any CPU
		{35A6A1A7-984A-4DCA-99EE-551F3D820F33}.Release|Any CPU.Build.0 = Release|Any CPU
		{E87E383A-D413-4BA0-A1E6-5ADB1E7FD6B1}.All|Any CPU.ActiveCfg = Release|Any CPU
		{E87E383A-D413-4BA0-A1E6-5ADB1E7FD6B1}.All|Any CPU.Build.0 = Release|Any CPU
		{E87E383A-D413-4BA0-A1E6-5ADB1E7FD6B1}.Debug|Any CPU.ActiveCfg = Debug|Any CPU
		{E87E383A-D413-4BA0-A1E6-5ADB1E7FD6B1}.Debug|Any CPU.Build.0 = Debug|Any CPU
		{E87E383A-D413-4BA0-A1E6-5ADB1E7FD6B1}.Release|Any CPU.ActiveCfg = Release|Any CPU
		{E87E383A-D413-4BA0-A1E6-5ADB1E7FD6B1}.Release|Any CPU.Build.0 = Release|Any CPU
		{973D0C90-8A95-4C09-AED7-6716B839A2C4}.All|Any CPU.ActiveCfg = Release|Any CPU
		{973D0C90-8A95-4C09-AED7-6716B839A2C4}.All|Any CPU.Build.0 = Release|Any CPU
		{973D0C90-8A95-4C09-AED7-6716B839A2C4}.Debug|Any CPU.ActiveCfg = Debug|Any CPU
		{973D0C90-8A95-4C09-AED7-6716B839A2C4}.Debug|Any CPU.Build.0 = Debug|Any CPU
		{973D0C90-8A95-4C09-AED7-6716B839A2C4}.Release|Any CPU.ActiveCfg = Release|Any CPU
		{973D0C90-8A95-4C09-AED7-6716B839A2C4}.Release|Any CPU.Build.0 = Release|Any CPU
		{326F6EBC-3F86-4DC8-A541-9F0316094665}.All|Any CPU.ActiveCfg = Release|Any CPU
		{326F6EBC-3F86-4DC8-A541-9F0316094665}.All|Any CPU.Build.0 = Release|Any CPU
		{326F6EBC-3F86-4DC8-A541-9F0316094665}.Debug|Any CPU.ActiveCfg = Debug|Any CPU
		{326F6EBC-3F86-4DC8-A541-9F0316094665}.Debug|Any CPU.Build.0 = Debug|Any CPU
		{326F6EBC-3F86-4DC8-A541-9F0316094665}.Release|Any CPU.ActiveCfg = Release|Any CPU
		{326F6EBC-3F86-4DC8-A541-9F0316094665}.Release|Any CPU.Build.0 = Release|Any CPU
		{2EF9B701-EBA3-4E68-989A-586E647C32BF}.All|Any CPU.ActiveCfg = DefaultBuild
		{2EF9B701-EBA3-4E68-989A-586E647C32BF}.All|Any CPU.Build.0 = DefaultBuild
		{2EF9B701-EBA3-4E68-989A-586E647C32BF}.Debug|Any CPU.ActiveCfg = DefaultBuild
		{2EF9B701-EBA3-4E68-989A-586E647C32BF}.Debug|Any CPU.Build.0 = DefaultBuild
		{2EF9B701-EBA3-4E68-989A-586E647C32BF}.Release|Any CPU.ActiveCfg = DefaultBuild
		{2EF9B701-EBA3-4E68-989A-586E647C32BF}.Release|Any CPU.Build.0 = DefaultBuild
	EndGlobalSection
	GlobalSection(SolutionProperties) = preSolution
		HideSolutionNode = FALSE
	EndGlobalSection
EndGlobal
